
Microsoft Visual Studio Solution File, Format Version 12.00
# Visual Studio Version 16
VisualStudioVersion = 16.0.30114.105
MinimumVisualStudioVersion = 10.0.40219.1
Project("{2150E333-8FDC-42A3-9474-1A3956D46DE8}") = "src", "src", "{5423E590-C01D-4F25-AB3B-BE4C65127027}"
EndProject
Project("{FAE04EC0-301F-11D3-BF4B-00C04F79EFBC}") = "GradeBook", "src\GradeBook\GradeBook.csproj", "{908931B6-AF4C-4A84-9070-ECC5C70F3FA1}"
EndProject
Project("{2150E333-8FDC-42A3-9474-1A3956D46DE8}") = "test", "test", "{C27E92BF-F540-4A59-884B-E9FFF7597B8D}"
EndProject
Project("{FAE04EC0-301F-11D3-BF4B-00C04F79EFBC}") = "GradeBook.Tests", "test\GradeBook.Tests\GradeBook.Tests.csproj", "{BCEF89A4-9A17-4359-992B-BE602C2CB425}"
EndProject
Global
	GlobalSection(SolutionConfigurationPlatforms) = preSolution
		Debug|Any CPU = Debug|Any CPU
		Release|Any CPU = Release|Any CPU
	EndGlobalSection
	GlobalSection(SolutionProperties) = preSolution
		HideSolutionNode = FALSE
	EndGlobalSection
	GlobalSection(ProjectConfigurationPlatforms) = postSolution
		{908931B6-AF4C-4A84-9070-ECC5C70F3FA1}.Debug|Any CPU.ActiveCfg = Debug|Any CPU
		{908931B6-AF4C-4A84-9070-ECC5C70F3FA1}.Debug|Any CPU.Build.0 = Debug|Any CPU
		{908931B6-AF4C-4A84-9070-ECC5C70F3FA1}.Release|Any CPU.ActiveCfg = Release|Any CPU
		{908931B6-AF4C-4A84-9070-ECC5C70F3FA1}.Release|Any CPU.Build.0 = Release|Any CPU
		{BCEF89A4-9A17-4359-992B-BE602C2CB425}.Debug|Any CPU.ActiveCfg = Debug|Any CPU
		{BCEF89A4-9A17-4359-992B-BE602C2CB425}.Debug|Any CPU.Build.0 = Debug|Any CPU
		{BCEF89A4-9A17-4359-992B-BE602C2CB425}.Release|Any CPU.ActiveCfg = Release|Any CPU
		{BCEF89A4-9A17-4359-992B-BE602C2CB425}.Release|Any CPU.Build.0 = Release|Any CPU
	EndGlobalSection
	GlobalSection(NestedProjects) = preSolution
		{908931B6-AF4C-4A84-9070-ECC5C70F3FA1} = {5423E590-C01D-4F25-AB3B-BE4C65127027}
		{BCEF89A4-9A17-4359-992B-BE602C2CB425} = {C27E92BF-F540-4A59-884B-E9FFF7597B8D}
	EndGlobalSection
EndGlobal
